
Microsoft Visual Studio Solution File, Format Version 12.00
# Visual Studio Version 17
VisualStudioVersion = 17.14.36603.0 d17.14
MinimumVisualStudioVersion = 10.0.40219.1
Project("{FAE04EC0-301F-11D3-BF4B-00C04F79EFBC}") = "Sana01", "Sana01\Sana01.csproj", "{598CC37F-C3F4-47C3-8E24-CACF0A2D044E}"
EndProject
Project("{FAE04EC0-301F-11D3-BF4B-00C04F79EFBC}") = "LinearExpressions1", "LinearExpressions1\LinearExpressions1.csproj", "{F9FCCC7E-1BD7-4012-9CF2-D7BBDC7CFD4A}"
EndProject
Project("{FAE04EC0-301F-11D3-BF4B-00C04F79EFBC}") = "LinearExpressions2", "LinearExpressions2\LinearExpressions2.csproj", "{674076CE-8188-410D-AD09-775D6004FAC8}"
EndProject
Global
	GlobalSection(SolutionConfigurationPlatforms) = preSolution
		Debug|Any CPU = Debug|Any CPU
		Release|Any CPU = Release|Any CPU
	EndGlobalSection
	GlobalSection(ProjectConfigurationPlatforms) = postSolution
		{598CC37F-C3F4-47C3-8E24-CACF0A2D044E}.Debug|Any CPU.ActiveCfg = Debug|Any CPU
		{598CC37F-C3F4-47C3-8E24-CACF0A2D044E}.Debug|Any CPU.Build.0 = Debug|Any CPU
		{598CC37F-C3F4-47C3-8E24-CACF0A2D044E}.Release|Any CPU.ActiveCfg = Release|Any CPU
		{598CC37F-C3F4-47C3-8E24-CACF0A2D044E}.Release|Any CPU.Build.0 = Release|Any CPU
		{F9FCCC7E-1BD7-4012-9CF2-D7BBDC7CFD4A}.Debug|Any CPU.ActiveCfg = Debug|Any CPU
		{F9FCCC7E-1BD7-4012-9CF2-D7BBDC7CFD4A}.Debug|Any CPU.Build.0 = Debug|Any CPU
		{F9FCCC7E-1BD7-4012-9CF2-D7BBDC7CFD4A}.Release|Any CPU.ActiveCfg = Release|Any CPU
		{F9FCCC7E-1BD7-4012-9CF2-D7BBDC7CFD4A}.Release|Any CPU.Build.0 = Release|Any CPU
		{674076CE-8188-410D-AD09-775D6004FAC8}.Debug|Any CPU.ActiveCfg = Debug|Any CPU
		{674076CE-8188-410D-AD09-775D6004FAC8}.Debug|Any CPU.Build.0 = Debug|Any CPU
		{674076CE-8188-410D-AD09-775D6004FAC8}.Release|Any CPU.ActiveCfg = Release|Any CPU
		{674076CE-8188-410D-AD09-775D6004FAC8}.Release|Any CPU.Build.0 = Release|Any CPU
	EndGlobalSection
	GlobalSection(SolutionProperties) = preSolution
		HideSolutionNode = FALSE
	EndGlobalSection
	GlobalSection(ExtensibilityGlobals) = postSolution
		SolutionGuid = {864A638B-DF61-47D0-AED3-9861247B5FBB}
	EndGlobalSection
EndGlobal
